
Microsoft Visual Studio Solution File, Format Version 12.00
# Visual Studio Version 16
VisualStudioVersion = 16.0.32802.440
MinimumVisualStudioVersion = 10.0.40219.1
Project("{F184B08F-C81C-45F6-A57F-5ABD9991F28F}") = "LexicalDecisionTask", "LexicalDecisionTask\LexicalDecisionTask.vbproj", "{89CF71EC-34C5-413D-8242-C5E52DAB0910}"
EndProject
Project("{F184B08F-C81C-45F6-A57F-5ABD9991F28F}") = "VLDT_lib", "VLDT_lib\VLDT_lib.vbproj", "{BC2BC369-C816-4A24-A761-48D4AC8E96D9}"
EndProject
Project("{F184B08F-C81C-45F6-A57F-5ABD9991F28F}") = "VideoRatingTask", "VideoRatingTask\VideoRatingTask.vbproj", "{DF017509-813A-4DE8-8987-13171C57B04E}"
EndProject
Global
	GlobalSection(SolutionConfigurationPlatforms) = preSolution
		Debug|Any CPU = Debug|Any CPU
		Release|Any CPU = Release|Any CPU
	EndGlobalSection
	GlobalSection(ProjectConfigurationPlatforms) = postSolution
		{89CF71EC-34C5-413D-8242-C5E52DAB0910}.Debug|Any CPU.ActiveCfg = Debug|Any CPU
		{89CF71EC-34C5-413D-8242-C5E52DAB0910}.Debug|Any CPU.Build.0 = Debug|Any CPU
		{89CF71EC-34C5-413D-8242-C5E52DAB0910}.Release|Any CPU.ActiveCfg = Release|Any CPU
		{89CF71EC-34C5-413D-8242-C5E52DAB0910}.Release|Any CPU.Build.0 = Release|Any CPU
		{BC2BC369-C816-4A24-A761-48D4AC8E96D9}.Debug|Any CPU.ActiveCfg = Debug|Any CPU
		{BC2BC369-C816-4A24-A761-48D4AC8E96D9}.Debug|Any CPU.Build.0 = Debug|Any CPU
		{BC2BC369-C816-4A24-A761-48D4AC8E96D9}.Release|Any CPU.ActiveCfg = Release|Any CPU
		{BC2BC369-C816-4A24-A761-48D4AC8E96D9}.Release|Any CPU.Build.0 = Release|Any CPU
		{DF017509-813A-4DE8-8987-13171C57B04E}.Debug|Any CPU.ActiveCfg = Debug|Any CPU
		{DF017509-813A-4DE8-8987-13171C57B04E}.Debug|Any CPU.Build.0 = Debug|Any CPU
		{DF017509-813A-4DE8-8987-13171C57B04E}.Release|Any CPU.ActiveCfg = Release|Any CPU
		{DF017509-813A-4DE8-8987-13171C57B04E}.Release|Any CPU.Build.0 = Release|Any CPU
	EndGlobalSection
	GlobalSection(SolutionProperties) = preSolution
		HideSolutionNode = FALSE
	EndGlobalSection
	GlobalSection(ExtensibilityGlobals) = postSolution
		SolutionGuid = {8DF42122-94BB-4899-A4C0-C8FC6D79A117}
	EndGlobalSection
EndGlobal
